
Microsoft Visual Studio Solution File, Format Version 12.00
# Visual Studio 14
VisualStudioVersion = 14.0.24720.0
MinimumVisualStudioVersion = 10.0.40219.1
Project("{F2A71F9B-5D33-465A-A702-920D77279786}") = "RayTracer", "RayTracer\RayTracer.fsproj", "{0E939AFD-620A-4AB2-9200-F116AE137FD9}"
EndProject
Project("{FAE04EC0-301F-11D3-BF4B-00C04F79EFBC}") = "Viewer", "Viewer\Viewer.csproj", "{99265CDF-C383-44F2-9250-BA3A3E3D471C}"
EndProject
Project("{2150E333-8FDC-42A3-9474-1A3956D46DE8}") = ".paket", ".paket", "{4F8F2789-5108-4A01-A8B5-149103F398D3}"
	ProjectSection(SolutionItems) = preProject
		.paket\paket.bootstrapper.exe = .paket\paket.bootstrapper.exe
		paket.dependencies = paket.dependencies
		paket.lock = paket.lock
	EndProjectSection
EndProject
Global
	GlobalSection(SolutionConfigurationPlatforms) = preSolution
		Debug|Any CPU = Debug|Any CPU
		Release|Any CPU = Release|Any CPU
	EndGlobalSection
	GlobalSection(ProjectConfigurationPlatforms) = postSolution
		{0E939AFD-620A-4AB2-9200-F116AE137FD9}.Debug|Any CPU.ActiveCfg = Debug|Any CPU
		{0E939AFD-620A-4AB2-9200-F116AE137FD9}.Debug|Any CPU.Build.0 = Debug|Any CPU
		{0E939AFD-620A-4AB2-9200-F116AE137FD9}.Release|Any CPU.ActiveCfg = Release|Any CPU
		{0E939AFD-620A-4AB2-9200-F116AE137FD9}.Release|Any CPU.Build.0 = Release|Any CPU
		{99265CDF-C383-44F2-9250-BA3A3E3D471C}.Debug|Any CPU.ActiveCfg = Debug|Any CPU
		{99265CDF-C383-44F2-9250-BA3A3E3D471C}.Debug|Any CPU.Build.0 = Debug|Any CPU
		{99265CDF-C383-44F2-9250-BA3A3E3D471C}.Release|Any CPU.ActiveCfg = Release|Any CPU
		{99265CDF-C383-44F2-9250-BA3A3E3D471C}.Release|Any CPU.Build.0 = Release|Any CPU
	EndGlobalSection
	GlobalSection(SolutionProperties) = preSolution
		HideSolutionNode = FALSE
	EndGlobalSection
EndGlobal
